// !$*UTF8*$!
{
	archiveVersion = 1;
	classes = {
	};
	objectVersion = 50;
	objects = {

/* Begin PBXBuildFile section */
		AF306BBE26819EC9006727CC /* AppDelegate.swift in Sources */ = {isa = PBXBuildFile; fileRef = AF306BBD26819EC9006727CC /* AppDelegate.swift */; };
		AF306BC026819EC9006727CC /* SceneDelegate.swift in Sources */ = {isa = PBXBuildFile; fileRef = AF306BBF26819EC9006727CC /* SceneDelegate.swift */; };
		AF306BC226819EC9006727CC /* ViewController.swift in Sources */ = {isa = PBXBuildFile; fileRef = AF306BC126819EC9006727CC /* ViewController.swift */; };
		AF306BC526819EC9006727CC /* Main.storyboard in Resources */ = {isa = PBXBuildFile; fileRef = AF306BC326819EC9006727CC /* Main.storyboard */; };
		AF306BC726819ECB006727CC /* Assets.xcassets in Resources */ = {isa = PBXBuildFile; fileRef = AF306BC626819ECB006727CC /* Assets.xcassets */; };
		AF306BCA26819ECB006727CC /* LaunchScreen.storyboard in Resources */ = {isa = PBXBuildFile; fileRef = AF306BC826819ECB006727CC /* LaunchScreen.storyboard */; };
		AF306BD2268206A8006727CC /* SwipingController.swift in Sources */ = {isa = PBXBuildFile; fileRef = AF306BD1268206A8006727CC /* SwipingController.swift */; };
		AF306BD42682C4CB006727CC /* PageCell.swift in Sources */ = {isa = PBXBuildFile; fileRef = AF306BD32682C4CB006727CC /* PageCell.swift */; };
		AF306BD62682CFD5006727CC /* Page.swift in Sources */ = {isa = PBXBuildFile; fileRef = AF306BD52682CFD5006727CC /* Page.swift */; };
/* End PBXBuildFile section */

/* Begin PBXFileReference section */
		AF306BBA26819EC9006727CC /* AutoLayoutProgrammatically.app */ = {isa = PBXFileReference; explicitFileType = wrapper.application; includeInIndex = 0; path = AutoLayoutProgrammatically.app; sourceTree = BUILT_PRODUCTS_DIR; };
		AF306BBD26819EC9006727CC /* AppDelegate.swift */ = {isa = PBXFileReference; lastKnownFileType = sourcecode.swift; path = AppDelegate.swift; sourceTree = "<group>"; };
		AF306BBF26819EC9006727CC /* SceneDelegate.swift */ = {isa = PBXFileReference; lastKnownFileType = sourcecode.swift; path = SceneDelegate.swift; sourceTree = "<group>"; };
		AF306BC126819EC9006727CC /* ViewController.swift */ = {isa = PBXFileReference; lastKnownFileType = sourcecode.swift; path = ViewController.swift; sourceTree = "<group>"; };
		AF306BC426819EC9006727CC /* Base */ = {isa = PBXFileReference; lastKnownFileType = file.storyboard; name = Base; path = Base.lproj/Main.storyboard; sourceTree = "<group>"; };
		AF306BC626819ECB006727CC /* Assets.xcassets */ = {isa = PBXFileReference; lastKnownFileType = folder.assetcatalog; path = Assets.xcassets; sourceTree = "<group>"; };
		AF306BC926819ECB006727CC /* Base */ = {isa = PBXFileReference; lastKnownFileType = file.storyboard; name = Base; path = Base.lproj/LaunchScreen.storyboard; sourceTree = "<group>"; };
		AF306BCB26819ECB006727CC /* Info.plist */ = {isa = PBXFileReference; lastKnownFileType = text.plist.xml; path = Info.plist; sourceTree = "<group>"; };
		AF306BD1268206A8006727CC /* SwipingController.swift */ = {isa = PBXFileReference; lastKnownFileType = sourcecode.swift; path = SwipingController.swift; sourceTree = "<group>"; };
		AF306BD32682C4CB006727CC /* PageCell.swift */ = {isa = PBXFileReference; lastKnownFileType = sourcecode.swift; path = PageCell.swift; sourceTree = "<group>"; };
		AF306BD52682CFD5006727CC /* Page.swift */ = {isa = PBXFileReference; lastKnownFileType = sourcecode.swift; path = Page.swift; sourceTree = "<group>"; };
/* End PBXFileReference section */

/* Begin PBXFrameworksBuildPhase section */
		AF306BB726819EC9006727CC /* Frameworks */ = {
			isa = PBXFrameworksBuildPhase;
			buildActionMask = 2147483647;
			files = (
			);
			runOnlyForDeploymentPostprocessing = 0;
		};
/* End PBXFrameworksBuildPhase section */

/* Begin PBXGroup section */
		AF306BB126819EC8006727CC = {
			isa = PBXGroup;
			children = (
				AF306BBC26819EC9006727CC /* AutoLayoutProgrammatically */,
				AF306BBB26819EC9006727CC /* Products */,
			);
			sourceTree = "<group>";
		};
		AF306BBB26819EC9006727CC /* Products */ = {
			isa = PBXGroup;
			children = (
				AF306BBA26819EC9006727CC /* AutoLayoutProgrammatically.app */,
			);
			name = Products;
			sourceTree = "<group>";
		};
		AF306BBC26819EC9006727CC /* AutoLayoutProgrammatically */ = {
			isa = PBXGroup;
			children = (
				AF306BBD26819EC9006727CC /* AppDelegate.swift */,
				AF306BBF26819EC9006727CC /* SceneDelegate.swift */,
				AF306BC126819EC9006727CC /* ViewController.swift */,
				AF306BC326819EC9006727CC /* Main.storyboard */,
				AF306BC626819ECB006727CC /* Assets.xcassets */,
				AF306BC826819ECB006727CC /* LaunchScreen.storyboard */,
				AF306BCB26819ECB006727CC /* Info.plist */,
				AF306BD1268206A8006727CC /* SwipingController.swift */,
				AF306BD52682CFD5006727CC /* Page.swift */,
				AF306BD32682C4CB006727CC /* PageCell.swift */,
			);
			path = AutoLayoutProgrammatically;
			sourceTree = "<group>";
		};
/* End PBXGroup section */

/* Begin PBXNativeTarget section */
		AF306BB926819EC9006727CC /* AutoLayoutProgrammatically */ = {
			isa = PBXNativeTarget;
			buildConfigurationList = AF306BCE26819ECB006727CC /* Build configuration list for PBXNativeTarget "AutoLayoutProgrammatically" */;
			buildPhases = (
				AF306BB626819EC9006727CC /* Sources */,
				AF306BB726819EC9006727CC /* Frameworks */,
				AF306BB826819EC9006727CC /* Resources */,
			);
			buildRules = (
			);
			dependencies = (
			);
			name = AutoLayoutProgrammatically;
			productName = AutoLayoutProgrammatically;
			productReference = AF306BBA26819EC9006727CC /* AutoLayoutProgrammatically.app */;
			productType = "com.apple.product-type.application";
		};
/* End PBXNativeTarget section */

/* Begin PBXProject section */
		AF306BB226819EC8006727CC /* Project object */ = {
			isa = PBXProject;
			attributes = {
				LastSwiftUpdateCheck = 1250;
				LastUpgradeCheck = 1250;
				TargetAttributes = {
					AF306BB926819EC9006727CC = {
						CreatedOnToolsVersion = 12.5;
					};
				};
			};
			buildConfigurationList = AF306BB526819EC8006727CC /* Build configuration list for PBXProject "AutoLayoutProgrammatically" */;
			compatibilityVersion = "Xcode 9.3";
			developmentRegion = en;
			hasScannedForEncodings = 0;
			knownRegions = (
				en,
				Base,
			);
			mainGroup = AF306BB126819EC8006727CC;
			productRefGroup = AF306BBB26819EC9006727CC /* Products */;
			projectDirPath = "";
			projectRoot = "";
			targets = (
				AF306BB926819EC9006727CC /* AutoLayoutProgrammatically */,
			);
		};
/* End PBXProject section */

/* Begin PBXResourcesBuildPhase section */
		AF306BB826819EC9006727CC /* Resources */ = {
			isa = PBXResourcesBuildPhase;
			buildActionMask = 2147483647;
			files = (
				AF306BCA26819ECB006727CC /* LaunchScreen.storyboard in Resources */,
				AF306BC726819ECB006727CC /* Assets.xcassets in Resources */,
				AF306BC526819EC9006727CC /* Main.storyboard in Resources */,
			);
			runOnlyForDeploymentPostprocessing = 0;
		};
/* End PBXResourcesBuildPhase section */

/* Begin PBXSourcesBuildPhase section */
		AF306BB626819EC9006727CC /* Sources */ = {
			isa = PBXSourcesBuildPhase;
			buildActionMask = 2147483647;
			files = (
				AF306BC226819EC9006727CC /* ViewController.swift in Sources */,
				AF306BD42682C4CB006727CC /* PageCell.swift in Sources */,
				AF306BD62682CFD5006727CC /* Page.swift in Sources */,
				AF306BBE26819EC9006727CC /* AppDelegate.swift in Sources */,
				AF306BC026819EC9006727CC /* SceneDelegate.swift in Sources */,
				AF306BD2268206A8006727CC /* SwipingController.swift in Sources */,
			);
			runOnlyForDeploymentPostprocessing = 0;
		};
/* End PBXSourcesBuildPhase section */

/* Begin PBXVariantGroup section */
		AF306BC326819EC9006727CC /* Main.storyboard */ = {
			isa = PBXVariantGroup;
			children = (
				AF306BC426819EC9006727CC /* Base */,
			);
			name = Main.storyboard;
			sourceTree = "<group>";
		};
		AF306BC826819ECB006727CC /* LaunchScreen.storyboard */ = {
			isa = PBXVariantGroup;
			children = (
				AF306BC926819ECB006727CC /* Base */,
			);
			name = LaunchScreen.storyboard;
			sourceTree = "<group>";
		};
/* End PBXVariantGroup section */

/* Begin XCBuildConfiguration section */
		AF306BCC26819ECB006727CC /* Debug */ = {
			isa = XCBuildConfiguration;
			buildSettings = {
				ALWAYS_SEARCH_USER_PATHS = NO;
				CLANG_ANALYZER_NONNULL = YES;
				CLANG_ANALYZER_NUMBER_OBJECT_CONVERSION = YES_AGGRESSIVE;
				CLANG_CXX_LANGUAGE_STANDARD = "gnu++14";
				CLANG_CXX_LIBRARY = "libc++";
				CLANG_ENABLE_MODULES = YES;
				CLANG_ENABLE_OBJC_ARC = YES;
				CLANG_ENABLE_OBJC_WEAK = YES;
				CLANG_WARN_BLOCK_CAPTURE_AUTORELEASING = YES;
				CLANG_WARN_BOOL_CONVERSION = YES;
				CLANG_WARN_COMMA = YES;
				CLANG_WARN_CONSTANT_CONVERSION = YES;
				CLANG_WARN_DEPRECATED_OBJC_IMPLEMENTATIONS = YES;
				CLANG_WARN_DIRECT_OBJC_ISA_USAGE = YES_ERROR;
				CLANG_WARN_DOCUMENTATION_COMMENTS = YES;
				CLANG_WARN_EMPTY_BODY = YES;
				CLANG_WARN_ENUM_CONVERSION = YES;
				CLANG_WARN_INFINITE_RECURSION = YES;
				CLANG_WARN_INT_CONVERSION = YES;
				CLANG_WARN_NON_LITERAL_NULL_CONVERSION = YES;
				CLANG_WARN_OBJC_IMPLICIT_RETAIN_SELF = YES;
				CLANG_WARN_OBJC_LITERAL_CONVERSION = YES;
				CLANG_WARN_OBJC_ROOT_CLASS = YES_ERROR;
				CLANG_WARN_QUOTED_INCLUDE_IN_FRAMEWORK_HEADER = YES;
				CLANG_WARN_RANGE_LOOP_ANALYSIS = YES;
				CLANG_WARN_STRICT_PROTOTYPES = YES;
				CLANG_WARN_SUSPICIOUS_MOVE = YES;
				CLANG_WARN_UNGUARDED_AVAILABILITY = YES_AGGRESSIVE;
				CLANG_WARN_UNREACHABLE_CODE = YES;
				CLANG_WARN__DUPLICATE_METHOD_MATCH = YES;
				COPY_PHASE_STRIP = NO;
				DEBUG_INFORMATION_FORMAT = dwarf;
				ENABLE_STRICT_OBJC_MSGSEND = YES;
				ENABLE_TESTABILITY = YES;
				GCC_C_LANGUAGE_STANDARD = gnu11;
				GCC_DYNAMIC_NO_PIC = NO;
				GCC_NO_COMMON_BLOCKS = YES;
				GCC_OPTIMIZATION_LEVEL = 0;
				GCC_PREPROCESSOR_DEFINITIONS = (
					"DEBUG=1",
					"$(inherited)",
				);
				GCC_WARN_64_TO_32_BIT_CONVERSION = YES;
				GCC_WARN_ABOUT_RETURN_TYPE = YES_ERROR;
				GCC_WARN_UNDECLARED_SELECTOR = YES;
				GCC_WARN_UNINITIALIZED_AUTOS = YES_AGGRESSIVE;
				GCC_WARN_UNUSED_FUNCTION = YES;
				GCC_WARN_UNUSED_VARIABLE = YES;
				IPHONEOS_DEPLOYMENT_TARGET = 14.5;
				MTL_ENABLE_DEBUG_INFO = INCLUDE_SOURCE;
				MTL_FAST_MATH = YES;
				ONLY_ACTIVE_ARCH = YES;
				SDKROOT = iphoneos;
				SWIFT_ACTIVE_COMPILATION_CONDITIONS = DEBUG;
				SWIFT_OPTIMIZATION_LEVEL = "-Onone";
			};
			name = Debug;
		};
		AF306BCD26819ECB006727CC /* Release */ = {
			isa = XCBuildConfiguration;
			buildSettings = {
				ALWAYS_SEARCH_USER_PATHS = NO;
				CLANG_ANALYZER_NONNULL = YES;
				CLANG_ANALYZER_NUMBER_OBJECT_CONVERSION = YES_AGGRESSIVE;
				CLANG_CXX_LANGUAGE_STANDARD = "gnu++14";
				CLANG_CXX_LIBRARY = "libc++";
				CLANG_ENABLE_MODULES = YES;
				CLANG_ENABLE_OBJC_ARC = YES;
				CLANG_ENABLE_OBJC_WEAK = YES;
				CLANG_WARN_BLOCK_CAPTURE_AUTORELEASING = YES;
				CLANG_WARN_BOOL_CONVERSION = YES;
				CLANG_WARN_COMMA = YES;
				CLANG_WARN_CONSTANT_CONVERSION = YES;
				CLANG_WARN_DEPRECATED_OBJC_IMPLEMENTATIONS = YES;
				CLANG_WARN_DIRECT_OBJC_ISA_USAGE = YES_ERROR;
				CLANG_WARN_DOCUMENTATION_COMMENTS = YES;
				CLANG_WARN_EMPTY_BODY = YES;
				CLANG_WARN_ENUM_CONVERSION = YES;
				CLANG_WARN_INFINITE_RECURSION = YES;
				CLANG_WARN_INT_CONVERSION = YES;
				CLANG_WARN_NON_LITERAL_NULL_CONVERSION = YES;
				CLANG_WARN_OBJC_IMPLICIT_RETAIN_SELF = YES;
				CLANG_WARN_OBJC_LITERAL_CONVERSION = YES;
				CLANG_WARN_OBJC_ROOT_CLASS = YES_ERROR;
				CLANG_WARN_QUOTED_INCLUDE_IN_FRAMEWORK_HEADER = YES;
				CLANG_WARN_RANGE_LOOP_ANALYSIS = YES;
				CLANG_WARN_STRICT_PROTOTYPES = YES;
				CLANG_WARN_SUSPICIOUS_MOVE = YES;
				CLANG_WARN_UNGUARDED_AVAILABILITY = YES_AGGRESSIVE;
				CLANG_WARN_UNREACHABLE_CODE = YES;
				CLANG_WARN__DUPLICATE_METHOD_MATCH = YES;
				COPY_PHASE_STRIP = NO;
				DEBUG_INFORMATION_FORMAT = "dwarf-with-dsym";
				ENABLE_NS_ASSERTIONS = NO;
				ENABLE_STRICT_OBJC_MSGSEND = YES;
				GCC_C_LANGUAGE_STANDARD = gnu11;
				GCC_NO_COMMON_BLOCKS = YES;
				GCC_WARN_64_TO_32_BIT_CONVERSION = YES;
				GCC_WARN_ABOUT_RETURN_TYPE = YES_ERROR;
				GCC_WARN_UNDECLARED_SELECTOR = YES;
				GCC_WARN_UNINITIALIZED_AUTOS = YES_AGGRESSIVE;
				GCC_WARN_UNUSED_FUNCTION = YES;
				GCC_WARN_UNUSED_VARIABLE = YES;
				IPHONEOS_DEPLOYMENT_TARGET = 14.5;
				MTL_ENABLE_DEBUG_INFO = NO;
				MTL_FAST_MATH = YES;
				SDKROOT = iphoneos;
				SWIFT_COMPILATION_MODE = wholemodule;
				SWIFT_OPTIMIZATION_LEVEL = "-O";
				VALIDATE_PRODUCT = YES;
			};
			name = Release;
		};
		AF306BCF26819ECB006727CC /* Debug */ = {
			isa = XCBuildConfiguration;
			buildSettings = {
				ASSETCATALOG_COMPILER_APPICON_NAME = AppIcon;
				ASSETCATALOG_COMPILER_GLOBAL_ACCENT_COLOR_NAME = AccentColor;
				CODE_SIGN_STYLE = Automatic;
				DEVELOPMENT_TEAM = T32YNJG3RS;
				INFOPLIST_FILE = AutoLayoutProgrammatically/Info.plist;
				LD_RUNPATH_SEARCH_PATHS = (
					"$(inherited)",
					"@executable_path/Frameworks",
				);
				PRODUCT_BUNDLE_IDENTIFIER = UC.AutoLayoutProgrammatically;
				PRODUCT_NAME = "$(TARGET_NAME)";
				SWIFT_VERSION = 5.0;
				TARGETED_DEVICE_FAMILY = "1,2";
			};
			name = Debug;
		};
		AF306BD026819ECB006727CC /* Release */ = {
			isa = XCBuildConfiguration;
			buildSettings = {
				ASSETCATALOG_COMPILER_APPICON_NAME = AppIcon;
				ASSETCATALOG_COMPILER_GLOBAL_ACCENT_COLOR_NAME = AccentColor;
				CODE_SIGN_STYLE = Automatic;
				DEVELOPMENT_TEAM = T32YNJG3RS;
				INFOPLIST_FILE = AutoLayoutProgrammatically/Info.plist;
				LD_RUNPATH_SEARCH_PATHS = (
					"$(inherited)",
					"@executable_path/Frameworks",
				);
				PRODUCT_BUNDLE_IDENTIFIER = UC.AutoLayoutProgrammatically;
				PRODUCT_NAME = "$(TARGET_NAME)";
				SWIFT_VERSION = 5.0;
				TARGETED_DEVICE_FAMILY = "1,2";
			};
			name = Release;
		};
/* End XCBuildConfiguration section */

/* Begin XCConfigurationList section */
		AF306BB526819EC8006727CC /* Build configuration list for PBXProject "AutoLayoutProgrammatically" */ = {
			isa = XCConfigurationList;
			buildConfigurations = (
				AF306BCC26819ECB006727CC /* Debug */,
				AF306BCD26819ECB006727CC /* Release */,
			);
			defaultConfigurationIsVisible = 0;
			defaultConfigurationName = Release;
		};
		AF306BCE26819ECB006727CC /* Build configuration list for PBXNativeTarget "AutoLayoutProgrammatically" */ = {
			isa = XCConfigurationList;
			buildConfigurations = (
				AF306BCF26819ECB006727CC /* Debug */,
				AF306BD026819ECB006727CC /* Release */,
			);
			defaultConfigurationIsVisible = 0;
			defaultConfigurationName = Release;
		};
/* End XCConfigurationList section */
	};
	rootObject = AF306BB226819EC8006727CC /* Project object */;
}
